# THIS IS AN AUTOGENERATED FILE. DO NOT EDIT THIS FILE DIRECTLY.
# yarn lockfile v1


"@babel/helper-string-parser@^7.27.1":
  version "7.27.1"
  resolved "https://registry.npmjs.org/@babel/helper-string-parser/-/helper-string-parser-7.27.1.tgz"
  integrity sha512-qMlSxKbpRlAridDExk92nSobyDdpPijUq2DW6oDnUqd0iOGxmQjyqhMIihI9+zv4LPyZdRje2cavWPbCbWm3eA==

"@babel/helper-validator-identifier@^7.27.1":
  version "7.27.1"
  resolved "https://registry.npmjs.org/@babel/helper-validator-identifier/-/helper-validator-identifier-7.27.1.tgz"
  integrity sha512-D2hP9eA+Sqx1kBZgzxZh0y1trbuU+JoDkiEwqhQ36nodYqJwyEIhPSdMNd7lOm/4io72luTPWH20Yda0xOuUow==

"@babel/parser@^7.27.2":
  version "7.27.3"
  resolved "https://registry.npmjs.org/@babel/parser/-/parser-7.27.3.tgz"
  integrity sha512-xyYxRj6+tLNDTWi0KCBcZ9V7yg3/lwL9DWh9Uwh/RIVlIfFidggcgxKX3GCXwCiswwcGRawBKbEg2LG/Y8eJhw==
  dependencies:
    "@babel/types" "^7.27.3"

"@babel/types@^7.27.3":
  version "7.27.3"
  resolved "https://registry.npmjs.org/@babel/types/-/types-7.27.3.tgz"
  integrity sha512-Y1GkI4ktrtvmawoSq+4FCVHNryea6uR+qUQy0AGxLSsjCX0nVmkYQMBLHDkXZuo5hGx7eYdnIaslsdBFm7zbUw==
  dependencies:
    "@babel/helper-string-parser" "^7.27.1"
    "@babel/helper-validator-identifier" "^7.27.1"

"@esbuild/linux-x64@0.21.5":
  version "0.21.5"
  resolved "https://registry.npmjs.org/@esbuild/linux-x64/-/linux-x64-0.21.5.tgz"
  integrity sha512-1rYdTpyv03iycF1+BhzrzQJCdOuAOtaqHTWJZCWvijKD2N5Xu0TtVC8/+1faWqcP9iBCWOmjmhoH94dH82BxPQ==

"@jridgewell/sourcemap-codec@^1.5.0":
  version "1.5.0"
  resolved "https://registry.npmjs.org/@jridgewell/sourcemap-codec/-/sourcemap-codec-1.5.0.tgz"
  integrity sha512-gv3ZRaISU3fjPAgNsriBRqGWQL6quFx04YMPW/zD8XMLsU32mhCCbfbO6KZFLjvYpCZ8zyDEgqsgf+PwPaM7GQ==

"@rollup/rollup-linux-x64-gnu@4.41.1":
  version "4.41.1"
  resolved "https://registry.npmjs.org/@rollup/rollup-linux-x64-gnu/-/rollup-linux-x64-gnu-4.41.1.tgz"
  integrity sha512-cWBOvayNvA+SyeQMp79BHPK8ws6sHSsYnK5zDcsC3Hsxr1dgTABKjMnMslPq1DvZIp6uO7kIWhiGwaTdR4Og9A==

"@rollup/rollup-linux-x64-musl@4.41.1":
  version "4.41.1"
  resolved "https://registry.npmjs.org/@rollup/rollup-linux-x64-musl/-/rollup-linux-x64-musl-4.41.1.tgz"
  integrity sha512-y5CbN44M+pUCdGDlZFzGGBSKCA4A/J2ZH4edTYSSxFg7ce1Xt3GtydbVKWLlzL+INfFIZAEg1ZV6hh9+QQf9YQ==

"@tweenjs/tween.js@~23.1.1":
  version "23.1.3"
  resolved "https://registry.npmjs.org/@tweenjs/tween.js/-/tween.js-23.1.3.tgz"
  integrity sha512-vJmvvwFxYuGnF2axRtPYocag6Clbb5YS7kLL+SO/TeVFzHqDIWrNKYtcsPMibjDx9O+bu+psAy9NKfWklassUA==

"@types/estree@1.0.7":
  version "1.0.7"
  resolved "https://registry.npmjs.org/@types/estree/-/estree-1.0.7.tgz"
  integrity sha512-w28IoSUCJpidD/TGviZwwMJckNESJZXFu7NBZ5YJ4mEUnNraUn9Pm8HSZm/jDF1pDWYKspWE7oVphigUPRakIQ==

"@types/stats.js@*":
  version "0.17.4"
  resolved "https://registry.npmjs.org/@types/stats.js/-/stats.js-0.17.4.tgz"
  integrity sha512-jIBvWWShCvlBqBNIZt0KAshWpvSjhkwkEu4ZUcASoAvhmrgAUI2t1dXrjSL4xXVLB4FznPrIsX3nKXFl/Dt4vA==

"@types/three@^0.162.0":
  version "0.162.0"
  resolved "https://registry.npmjs.org/@types/three/-/three-0.162.0.tgz"
  integrity sha512-0j5yZcVukVIhrhSIC7+LmBPkkMoMuEJ1AfYBZfgNytdYqYREMuiyXWhYOMeZLBElTEAlJIZn7r2W3vqTIgjWlg==
  dependencies:
    "@tweenjs/tween.js" "~23.1.1"
    "@types/stats.js" "*"
    "@types/webxr" "*"
    fflate "~0.6.10"
    meshoptimizer "~0.18.1"

"@types/webxr@*":
  version "0.5.22"
  resolved "https://registry.npmjs.org/@types/webxr/-/webxr-0.5.22.tgz"
  integrity sha512-Vr6Stjv5jPRqH690f5I5GLjVk8GSsoQSYJ2FVd/3jJF7KaqfwPi3ehfBS96mlQ2kPCwZaX6U0rG2+NGHBKkA/A==

"@vitejs/plugin-vue@^5.1.3":
  version "5.2.4"
  resolved "https://registry.npmjs.org/@vitejs/plugin-vue/-/plugin-vue-5.2.4.tgz"
  integrity sha512-7Yx/SXSOcQq5HiiV3orevHUFn+pmMB4cgbEkDYgnkUWb0WfeQ/wa2yFv6D5ICiCQOVpjA7vYDXrC7AGO8yjDHA==

"@volar/language-core@~2.4.11", "@volar/language-core@2.4.14":
  version "2.4.14"
  resolved "https://registry.npmjs.org/@volar/language-core/-/language-core-2.4.14.tgz"
  integrity sha512-X6beusV0DvuVseaOEy7GoagS4rYHgDHnTrdOj5jeUb49fW5ceQyP9Ej5rBhqgz2wJggl+2fDbbojq1XKaxDi6w==
  dependencies:
    "@volar/source-map" "2.4.14"

"@volar/source-map@2.4.14":
  version "2.4.14"
  resolved "https://registry.npmjs.org/@volar/source-map/-/source-map-2.4.14.tgz"
  integrity sha512-5TeKKMh7Sfxo8021cJfmBzcjfY1SsXsPMMjMvjY7ivesdnybqqS+GxGAoXHAOUawQTwtdUxgP65Im+dEmvWtYQ==

"@volar/typescript@~2.4.11":
  version "2.4.14"
  resolved "https://registry.npmjs.org/@volar/typescript/-/typescript-2.4.14.tgz"
  integrity sha512-p8Z6f/bZM3/HyCdRNFZOEEzts51uV8WHeN8Tnfnm2EBv6FDB2TQLzfVx7aJvnl8ofKAOnS64B2O8bImBFaauRw==
  dependencies:
    "@volar/language-core" "2.4.14"
    path-browserify "^1.0.1"
    vscode-uri "^3.0.8"

"@vue/compiler-core@3.5.15":
  version "3.5.15"
  resolved "https://registry.npmjs.org/@vue/compiler-core/-/compiler-core-3.5.15.tgz"
  integrity sha512-nGRc6YJg/kxNqbv/7Tg4juirPnjHvuVdhcmDvQWVZXlLHjouq7VsKmV1hIxM/8yKM0VUfwT/Uzc0lO510ltZqw==
  dependencies:
    "@babel/parser" "^7.27.2"
    "@vue/shared" "3.5.15"
    entities "^4.5.0"
    estree-walker "^2.0.2"
    source-map-js "^1.2.1"

"@vue/compiler-dom@^3.5.0", "@vue/compiler-dom@3.5.15":
  version "3.5.15"
  resolved "https://registry.npmjs.org/@vue/compiler-dom/-/compiler-dom-3.5.15.tgz"
  integrity sha512-ZelQd9n+O/UCBdL00rlwCrsArSak+YLZpBVuNDio1hN3+wrCshYZEDUO3khSLAzPbF1oQS2duEoMDUHScUlYjA==
  dependencies:
    "@vue/compiler-core" "3.5.15"
    "@vue/shared" "3.5.15"

"@vue/compiler-sfc@3.5.15":
  version "3.5.15"
  resolved "https://registry.npmjs.org/@vue/compiler-sfc/-/compiler-sfc-3.5.15.tgz"
  integrity sha512-3zndKbxMsOU6afQWer75Zot/aydjtxNj0T2KLg033rAFaQUn2PGuE32ZRe4iMhflbTcAxL0yEYsRWFxtPro8RQ==
  dependencies:
    "@babel/parser" "^7.27.2"
    "@vue/compiler-core" "3.5.15"
    "@vue/compiler-dom" "3.5.15"
    "@vue/compiler-ssr" "3.5.15"
    "@vue/shared" "3.5.15"
    estree-walker "^2.0.2"
    magic-string "^0.30.17"
    postcss "^8.5.3"
    source-map-js "^1.2.1"

"@vue/compiler-ssr@3.5.15":
  version "3.5.15"
  resolved "https://registry.npmjs.org/@vue/compiler-ssr/-/compiler-ssr-3.5.15.tgz"
  integrity sha512-gShn8zRREZbrXqTtmLSCffgZXDWv8nHc/GhsW+mbwBfNZL5pI96e7IWcIq8XGQe1TLtVbu7EV9gFIVSmfyarPg==
  dependencies:
    "@vue/compiler-dom" "3.5.15"
    "@vue/shared" "3.5.15"

"@vue/compiler-vue2@^2.7.16":
  version "2.7.16"
  resolved "https://registry.npmjs.org/@vue/compiler-vue2/-/compiler-vue2-2.7.16.tgz"
  integrity sha512-qYC3Psj9S/mfu9uVi5WvNZIzq+xnXMhOwbTFKKDD7b1lhpnn71jXSFdTQ+WsIEk0ONCd7VV2IMm7ONl6tbQ86A==
  dependencies:
    de-indent "^1.0.2"
    he "^1.2.0"

"@vue/language-core@2.2.10":
  version "2.2.10"
  resolved "https://registry.npmjs.org/@vue/language-core/-/language-core-2.2.10.tgz"
  integrity sha512-+yNoYx6XIKuAO8Mqh1vGytu8jkFEOH5C8iOv3i8Z/65A7x9iAOXA97Q+PqZ3nlm2lxf5rOJuIGI/wDtx/riNYw==
  dependencies:
    "@volar/language-core" "~2.4.11"
    "@vue/compiler-dom" "^3.5.0"
    "@vue/compiler-vue2" "^2.7.16"
    "@vue/shared" "^3.5.0"
    alien-signals "^1.0.3"
    minimatch "^9.0.3"
    muggle-string "^0.4.1"
    path-browserify "^1.0.1"

"@vue/reactivity@3.5.15":
  version "3.5.15"
  resolved "https://registry.npmjs.org/@vue/reactivity/-/reactivity-3.5.15.tgz"
  integrity sha512-GaA5VUm30YWobCwpvcs9nvFKf27EdSLKDo2jA0IXzGS344oNpFNbEQ9z+Pp5ESDaxyS8FcH0vFN/XSe95BZtHQ==
  dependencies:
    "@vue/shared" "3.5.15"

"@vue/runtime-core@3.5.15":
  version "3.5.15"
  resolved "https://registry.npmjs.org/@vue/runtime-core/-/runtime-core-3.5.15.tgz"
  integrity sha512-CZAlIOQ93nj0OPpWWOx4+QDLCMzBNY85IQR4Voe6vIID149yF8g9WQaWnw042f/6JfvLttK7dnyWlC1EVCRK8Q==
  dependencies:
    "@vue/reactivity" "3.5.15"
    "@vue/shared" "3.5.15"

"@vue/runtime-dom@3.5.15":
  version "3.5.15"
  resolved "https://registry.npmjs.org/@vue/runtime-dom/-/runtime-dom-3.5.15.tgz"
  integrity sha512-wFplHKzKO/v998up2iCW3RN9TNUeDMhdBcNYZgs5LOokHntrB48dyuZHspcahKZczKKh3v6i164gapMPxBTKNw==
  dependencies:
    "@vue/reactivity" "3.5.15"
    "@vue/runtime-core" "3.5.15"
    "@vue/shared" "3.5.15"
    csstype "^3.1.3"

"@vue/server-renderer@3.5.15":
  version "3.5.15"
  resolved "https://registry.npmjs.org/@vue/server-renderer/-/server-renderer-3.5.15.tgz"
  integrity sha512-Gehc693kVTYkLt6QSYEjGvqvdK2zZ/gf/D5zkgmvBdeB30dNnVZS8yY7+IlBmHRd1rR/zwaqeu06Ij04ZxBscg==
  dependencies:
    "@vue/compiler-ssr" "3.5.15"
    "@vue/shared" "3.5.15"

"@vue/shared@^3.5.0", "@vue/shared@3.5.15":
  version "3.5.15"
  resolved "https://registry.npmjs.org/@vue/shared/-/shared-3.5.15.tgz"
  integrity sha512-bKvgFJJL1ZX9KxMCTQY6xD9Dhe3nusd1OhyOb1cJYGqvAr0Vg8FIjHPMOEVbJ9GDT9HG+Bjdn4oS8ohKP8EvoA==

alien-signals@^1.0.3:
  version "1.0.13"
  resolved "https://registry.npmjs.org/alien-signals/-/alien-signals-1.0.13.tgz"
  integrity sha512-OGj9yyTnJEttvzhTUWuscOvtqxq5vrhF7vL9oS0xJ2mK0ItPYP1/y+vCFebfxoEyAz0++1AIwJ5CMr+Fk3nDmg==

balanced-match@^1.0.0:
  version "1.0.2"
  resolved "https://registry.npmjs.org/balanced-match/-/balanced-match-1.0.2.tgz"
  integrity sha512-3oSeUO0TMV67hN1AmbXsK4yaqU7tjiHlbxRDZOpH0KW9+CeX4bRAaX0Anxt0tx2MrpRpWwQaPwIlISEJhYU5Pw==

brace-expansion@^2.0.1:
  version "2.0.1"
  resolved "https://registry.npmjs.org/brace-expansion/-/brace-expansion-2.0.1.tgz"
  integrity sha512-XnAIvQ8eM+kC6aULx6wuQiwVsnzsi9d3WxzV3FpWTGA19F621kwdbsAcFKXgKUHZWsy+mY6iL1sHTxWEFCytDA==
  dependencies:
    balanced-match "^1.0.0"

csstype@^3.1.3:
  version "3.1.3"
  resolved "https://registry.npmjs.org/csstype/-/csstype-3.1.3.tgz"
  integrity sha512-M1uQkMl8rQK/szD0LNhtqxIPLpimGm8sOBwU7lLnCpSbTyY3yeU1Vc7l4KT5zT4s/yOxHH5O7tIuuLOCnLADRw==

de-indent@^1.0.2:
  version "1.0.2"
  resolved "https://registry.npmjs.org/de-indent/-/de-indent-1.0.2.tgz"
  integrity sha512-e/1zu3xH5MQryN2zdVaF0OrdNLUbvWxzMbi+iNA6Bky7l1RoP8a2fIbRocyHclXt/arDrrR6lL3TqFD9pMQTsg==

entities@^4.5.0:
  version "4.5.0"
  resolved "https://registry.npmjs.org/entities/-/entities-4.5.0.tgz"
  integrity sha512-V0hjH4dGPh9Ao5p0MoRY6BVqtwCjhz6vI5LT8AJ55H+4g9/4vbHx1I54fS0XuclLhDHArPQCiMjDxjaL8fPxhw==

esbuild@^0.21.3:
  version "0.21.5"
  resolved "https://registry.npmjs.org/esbuild/-/esbuild-0.21.5.tgz"
  integrity sha512-mg3OPMV4hXywwpoDxu3Qda5xCKQi+vCTZq8S9J/EpkhB2HzKXq4SNFZE3+NK93JYxc8VMSep+lOUSC/RVKaBqw==
  optionalDependencies:
    "@esbuild/aix-ppc64" "0.21.5"
    "@esbuild/android-arm" "0.21.5"
    "@esbuild/android-arm64" "0.21.5"
    "@esbuild/android-x64" "0.21.5"
    "@esbuild/darwin-arm64" "0.21.5"
    "@esbuild/darwin-x64" "0.21.5"
    "@esbuild/freebsd-arm64" "0.21.5"
    "@esbuild/freebsd-x64" "0.21.5"
    "@esbuild/linux-arm" "0.21.5"
    "@esbuild/linux-arm64" "0.21.5"
    "@esbuild/linux-ia32" "0.21.5"
    "@esbuild/linux-loong64" "0.21.5"
    "@esbuild/linux-mips64el" "0.21.5"
    "@esbuild/linux-ppc64" "0.21.5"
    "@esbuild/linux-riscv64" "0.21.5"
    "@esbuild/linux-s390x" "0.21.5"
    "@esbuild/linux-x64" "0.21.5"
    "@esbuild/netbsd-x64" "0.21.5"
    "@esbuild/openbsd-x64" "0.21.5"
    "@esbuild/sunos-x64" "0.21.5"
    "@esbuild/win32-arm64" "0.21.5"
    "@esbuild/win32-ia32" "0.21.5"
    "@esbuild/win32-x64" "0.21.5"

estree-walker@^2.0.2:
  version "2.0.2"
  resolved "https://registry.npmjs.org/estree-walker/-/estree-walker-2.0.2.tgz"
  integrity sha512-Rfkk/Mp/DL7JVje3u18FxFujQlTNR2q6QfMSMB7AvCBx91NGj/ba3kCfza0f6dVDbw7YlRf/nDrn7pQrCCyQ/w==

fflate@~0.6.10:
  version "0.6.10"
  resolved "https://registry.npmjs.org/fflate/-/fflate-0.6.10.tgz"
  integrity sha512-IQrh3lEPM93wVCEczc9SaAOvkmcoQn/G8Bo1e8ZPlY3X3bnAxWaBdvTdvM1hP62iZp0BXWDy4vTAy4fF0+Dlpg==

gsap@^3.12.5:
  version "3.13.0"
  resolved "https://registry.npmjs.org/gsap/-/gsap-3.13.0.tgz"
  integrity sha512-QL7MJ2WMjm1PHWsoFrAQH/J8wUeqZvMtHO58qdekHpCfhvhSL4gSiz6vJf5EeMP0LOn3ZCprL2ki/gjED8ghVw==

he@^1.2.0:
  version "1.2.0"
  resolved "https://registry.npmjs.org/he/-/he-1.2.0.tgz"
  integrity sha512-F/1DnUGPopORZi0ni+CvrCgHQ5FyEAHRLSApuYWMmrbSwoN2Mn/7k+Gl38gJnR7yyDZk6WLXwiGod1JOWNDKGw==

magic-string@^0.30.17:
  version "0.30.17"
  resolved "https://registry.npmjs.org/magic-string/-/magic-string-0.30.17.tgz"
  integrity sha512-sNPKHvyjVf7gyjwS4xGTaW/mCnF8wnjtifKBEhxfZ7E/S8tQ0rssrwGNn6q8JH/ohItJfSQp9mBtQYuTlH5QnA==
  dependencies:
    "@jridgewell/sourcemap-codec" "^1.5.0"

meshoptimizer@~0.18.1:
  version "0.18.1"
  resolved "https://registry.npmjs.org/meshoptimizer/-/meshoptimizer-0.18.1.tgz"
  integrity sha512-ZhoIoL7TNV4s5B6+rx5mC//fw8/POGyNxS/DZyCJeiZ12ScLfVwRE/GfsxwiTkMYYD5DmK2/JXnEVXqL4rF+Sw==

minimatch@^9.0.3:
  version "9.0.5"
  resolved "https://registry.npmjs.org/minimatch/-/minimatch-9.0.5.tgz"
  integrity sha512-G6T0ZX48xgozx7587koeX9Ys2NYy6Gmv//P89sEte9V9whIapMNF4idKxnW2QtCcLiTWlb/wfCabAtAFWhhBow==
  dependencies:
    brace-expansion "^2.0.1"

muggle-string@^0.4.1:
  version "0.4.1"
  resolved "https://registry.npmjs.org/muggle-string/-/muggle-string-0.4.1.tgz"
  integrity sha512-VNTrAak/KhO2i8dqqnqnAHOa3cYBwXEZe9h+D5h/1ZqFSTEFHdM65lR7RoIqq3tBBYavsOXV84NoHXZ0AkPyqQ==

nanoid@^3.3.8:
  version "3.3.11"
  resolved "https://registry.npmjs.org/nanoid/-/nanoid-3.3.11.tgz"
  integrity sha512-N8SpfPUnUp1bK+PMYW8qSWdl9U+wwNWI4QKxOYDy9JAro3WMX7p2OeVRF9v+347pnakNevPmiHhNmZ2HbFA76w==

path-browserify@^1.0.1:
  version "1.0.1"
  resolved "https://registry.npmjs.org/path-browserify/-/path-browserify-1.0.1.tgz"
  integrity sha512-b7uo2UCUOYZcnF/3ID0lulOJi/bafxa1xPe7ZPsammBSpjSWQkjNxlt635YGS2MiR9GjvuXCtz2emr3jbsz98g==

picocolors@^1.1.1:
  version "1.1.1"
  resolved "https://registry.npmjs.org/picocolors/-/picocolors-1.1.1.tgz"
  integrity sha512-xceH2snhtb5M9liqDsmEw56le376mTZkEX/jEb/RxNFyegNul7eNslCXP9FDj/Lcu0X8KEyMceP2ntpaHrDEVA==

postcss@^8.4.43, postcss@^8.5.3:
  version "8.5.3"
  resolved "https://registry.npmjs.org/postcss/-/postcss-8.5.3.tgz"
  integrity sha512-dle9A3yYxlBSrt8Fu+IpjGT8SY8hN0mlaA6GY8t0P5PjIOZemULz/E2Bnm/2dcUOena75OTNkHI76uZBNUUq3A==
  dependencies:
    nanoid "^3.3.8"
    picocolors "^1.1.1"
    source-map-js "^1.2.1"

rollup@^4.20.0:
  version "4.41.1"
  resolved "https://registry.npmjs.org/rollup/-/rollup-4.41.1.tgz"
  integrity sha512-cPmwD3FnFv8rKMBc1MxWCwVQFxwf1JEmSX3iQXrRVVG15zerAIXRjMFVWnd5Q5QvgKF7Aj+5ykXFhUl+QGnyOw==
  dependencies:
    "@types/estree" "1.0.7"
  optionalDependencies:
    "@rollup/rollup-android-arm-eabi" "4.41.1"
    "@rollup/rollup-android-arm64" "4.41.1"
    "@rollup/rollup-darwin-arm64" "4.41.1"
    "@rollup/rollup-darwin-x64" "4.41.1"
    "@rollup/rollup-freebsd-arm64" "4.41.1"
    "@rollup/rollup-freebsd-x64" "4.41.1"
    "@rollup/rollup-linux-arm-gnueabihf" "4.41.1"
    "@rollup/rollup-linux-arm-musleabihf" "4.41.1"
    "@rollup/rollup-linux-arm64-gnu" "4.41.1"
    "@rollup/rollup-linux-arm64-musl" "4.41.1"
    "@rollup/rollup-linux-loongarch64-gnu" "4.41.1"
    "@rollup/rollup-linux-powerpc64le-gnu" "4.41.1"
    "@rollup/rollup-linux-riscv64-gnu" "4.41.1"
    "@rollup/rollup-linux-riscv64-musl" "4.41.1"
    "@rollup/rollup-linux-s390x-gnu" "4.41.1"
    "@rollup/rollup-linux-x64-gnu" "4.41.1"
    "@rollup/rollup-linux-x64-musl" "4.41.1"
    "@rollup/rollup-win32-arm64-msvc" "4.41.1"
    "@rollup/rollup-win32-ia32-msvc" "4.41.1"
    "@rollup/rollup-win32-x64-msvc" "4.41.1"
    fsevents "~2.3.2"

source-map-js@^1.2.1:
  version "1.2.1"
  resolved "https://registry.npmjs.org/source-map-js/-/source-map-js-1.2.1.tgz"
  integrity sha512-UXWMKhLOwVKb728IUtQPXxfYU+usdybtUrK/8uGE8CQMvrhOpwvzDBwj0QhSL7MQc7vIsISBG8VQ8+IDQxpfQA==

three@^0.161.0:
  version "0.161.0"
  resolved "https://registry.npmjs.org/three/-/three-0.161.0.tgz"
  integrity sha512-LC28VFtjbOyEu5b93K0bNRLw1rQlMJ85lilKsYj6dgTu+7i17W+JCCEbvrpmNHF1F3NAUqDSWq50UD7w9H2xQw==

typescript@*, typescript@^5.5.3, typescript@>=5.0.0:
  version "5.8.3"
  resolved "https://registry.npmjs.org/typescript/-/typescript-5.8.3.tgz"
  integrity sha512-p1diW6TqL9L07nNxvRMM7hMMw4c5XOo/1ibL4aAIGmSAt9slTE1Xgw5KWuof2uTOvCg9BY7ZRi+GaF+7sfgPeQ==

"vite@^5.0.0 || ^6.0.0", vite@^5.4.2:
  version "5.4.19"
  resolved "https://registry.npmjs.org/vite/-/vite-5.4.19.tgz"
  integrity sha512-qO3aKv3HoQC8QKiNSTuUM1l9o/XX3+c+VTgLHbJWHZGeTPVAg2XwazI9UWzoxjIJCGCV2zU60uqMzjeLZuULqA==
  dependencies:
    esbuild "^0.21.3"
    postcss "^8.4.43"
    rollup "^4.20.0"
  optionalDependencies:
    fsevents "~2.3.3"

vscode-uri@^3.0.8:
  version "3.1.0"
  resolved "https://registry.npmjs.org/vscode-uri/-/vscode-uri-3.1.0.tgz"
  integrity sha512-/BpdSx+yCQGnCvecbyXdxHDkuk55/G3xwnC0GqY4gmQ3j+A+g8kzzgB4Nk/SINjqn6+waqw3EgbVF2QKExkRxQ==

vue-tsc@^2.1.4:
  version "2.2.10"
  resolved "https://registry.npmjs.org/vue-tsc/-/vue-tsc-2.2.10.tgz"
  integrity sha512-jWZ1xSaNbabEV3whpIDMbjVSVawjAyW+x1n3JeGQo7S0uv2n9F/JMgWW90tGWNFRKya4YwKMZgCtr0vRAM7DeQ==
  dependencies:
    "@volar/typescript" "~2.4.11"
    "@vue/language-core" "2.2.10"

vue@^3.2.25, vue@^3.4.38, vue@3.5.15:
  version "3.5.15"
  resolved "https://registry.npmjs.org/vue/-/vue-3.5.15.tgz"
  integrity sha512-aD9zK4rB43JAMK/5BmS4LdPiEp8Fdh8P1Ve/XNuMF5YRf78fCyPE6FUbQwcaWQ5oZ1R2CD9NKE0FFOVpMR7gEQ==
  dependencies:
    "@vue/compiler-dom" "3.5.15"
    "@vue/compiler-sfc" "3.5.15"
    "@vue/runtime-dom" "3.5.15"
    "@vue/server-renderer" "3.5.15"
    "@vue/shared" "3.5.15"
